
Microsoft Visual Studio Solution File, Format Version 12.00
# Visual Studio Version 17
VisualStudioVersion = 17.14.36310.24
MinimumVisualStudioVersion = 10.0.40219.1
Project("{F184B08F-C81C-45F6-A57F-5ABD9991F28F}") = "Sales and Inventory Management System", "Sales and Inventory Management System.vbproj", "{C12541B9-295F-4E48-BC5D-0E45240A7DCE}"
EndProject
Global
	GlobalSection(SolutionConfigurationPlatforms) = preSolution
		Debug|Any CPU = Debug|Any CPU
		Release|Any CPU = Release|Any CPU
	EndGlobalSection
	GlobalSection(ProjectConfigurationPlatforms) = postSolution
		{C12541B9-295F-4E48-BC5D-0E45240A7DCE}.Debug|Any CPU.ActiveCfg = Debug|Any CPU
		{C12541B9-295F-4E48-BC5D-0E45240A7DCE}.Debug|Any CPU.Build.0 = Debug|Any CPU
		{C12541B9-295F-4E48-BC5D-0E45240A7DCE}.Release|Any CPU.ActiveCfg = Release|Any CPU
		{C12541B9-295F-4E48-BC5D-0E45240A7DCE}.Release|Any CPU.Build.0 = Release|Any CPU
	EndGlobalSection
	GlobalSection(SolutionProperties) = preSolution
		HideSolutionNode = FALSE
	EndGlobalSection
	GlobalSection(ExtensibilityGlobals) = postSolution
		SolutionGuid = {08E1C87F-6BA2-4650-BE58-25E140C26FA3}
	EndGlobalSection
EndGlobal
